# This file is autogenerated, do not edit; changes may be undone by the next 'dep ensure'.


[[projects]]
  name = "github.com/go-sql-driver/mysql"
  packages = ["."]
  revision = "a0583e0143b1624142adab07e0e97fe106d99561"
  version = "v1.3.0"

[[projects]]
  name = "github.com/spaolacci/murmur3"
  packages = ["."]
  revision = "9f5d223c60793748f04a9d5b4b4eacddfc1f755d"
  version = "v1.1"

[[projects]]
  name = "github.com/willf/bitset"
  packages = ["."]
  revision = "d860f346b89450988a379d7d705e83c58d1ea227"
  version = "v1.1.3"

[[projects]]
  name = "github.com/willf/bloom"
  packages = ["."]
  revision = "54e3b963ee1652b06c4562cb9b6020ebc6e36e59"
  version = "v2.0.3"

[solve-meta]
  analyzer-name = "dep"
  analyzer-version = 1
  inputs-digest = "8eafc48ac9399b32238eadf6a26b47171f0b9cd6c9ef36e3c9b4a947012b37db"
  solver-name = "gps-cdcl"
  solver-version = 1
